// !$*UTF8*$!
{
	archiveVersion = 1;
	classes = {
	};
	objectVersion = 50;
	objects = {

/* Begin PBXBuildFile section */
		AE256CBB25CBE3EE00443AC9 /* AppDelegate.swift in Sources */ = {isa = PBXBuildFile; fileRef = AE256CBA25CBE3EE00443AC9 /* AppDelegate.swift */; };
		AE256CBD25CBE3EE00443AC9 /* SceneDelegate.swift in Sources */ = {isa = PBXBuildFile; fileRef = AE256CBC25CBE3EE00443AC9 /* SceneDelegate.swift */; };
		AE256CBF25CBE3EE00443AC9 /* ViewController.swift in Sources */ = {isa = PBXBuildFile; fileRef = AE256CBE25CBE3EE00443AC9 /* ViewController.swift */; };
		AE256CC225CBE3EF00443AC9 /* Main.storyboard in Resources */ = {isa = PBXBuildFile; fileRef = AE256CC025CBE3EF00443AC9 /* Main.storyboard */; };
		AE256CC425CBE3F200443AC9 /* Assets.xcassets in Resources */ = {isa = PBXBuildFile; fileRef = AE256CC325CBE3F200443AC9 /* Assets.xcassets */; };
		AE256CC725CBE3F200443AC9 /* LaunchScreen.storyboard in Resources */ = {isa = PBXBuildFile; fileRef = AE256CC525CBE3F200443AC9 /* LaunchScreen.storyboard */; };
		AE256CE725CC547000443AC9 /* CircleAnimationView.swift in Sources */ = {isa = PBXBuildFile; fileRef = AE256CE625CC546F00443AC9 /* CircleAnimationView.swift */; };
/* End PBXBuildFile section */

/* Begin PBXFileReference section */
		AE256CB725CBE3EE00443AC9 /* singleAnimationTask.app */ = {isa = PBXFileReference; explicitFileType = wrapper.application; includeInIndex = 0; path = singleAnimationTask.app; sourceTree = BUILT_PRODUCTS_DIR; };
		AE256CBA25CBE3EE00443AC9 /* AppDelegate.swift */ = {isa = PBXFileReference; lastKnownFileType = sourcecode.swift; path = AppDelegate.swift; sourceTree = "<group>"; };
		AE256CBC25CBE3EE00443AC9 /* SceneDelegate.swift */ = {isa = PBXFileReference; lastKnownFileType = sourcecode.swift; path = SceneDelegate.swift; sourceTree = "<group>"; };
		AE256CBE25CBE3EE00443AC9 /* ViewController.swift */ = {isa = PBXFileReference; lastKnownFileType = sourcecode.swift; path = ViewController.swift; sourceTree = "<group>"; };
		AE256CC125CBE3EF00443AC9 /* Base */ = {isa = PBXFileReference; lastKnownFileType = file.storyboard; name = Base; path = Base.lproj/Main.storyboard; sourceTree = "<group>"; };
		AE256CC325CBE3F200443AC9 /* Assets.xcassets */ = {isa = PBXFileReference; lastKnownFileType = folder.assetcatalog; path = Assets.xcassets; sourceTree = "<group>"; };
		AE256CC625CBE3F200443AC9 /* Base */ = {isa = PBXFileReference; lastKnownFileType = file.storyboard; name = Base; path = Base.lproj/LaunchScreen.storyboard; sourceTree = "<group>"; };
		AE256CC825CBE3F200443AC9 /* Info.plist */ = {isa = PBXFileReference; lastKnownFileType = text.plist.xml; path = Info.plist; sourceTree = "<group>"; };
		AE256CE625CC546F00443AC9 /* CircleAnimationView.swift */ = {isa = PBXFileReference; lastKnownFileType = sourcecode.swift; path = CircleAnimationView.swift; sourceTree = "<group>"; };
/* End PBXFileReference section */

/* Begin PBXFrameworksBuildPhase section */
		AE256CB425CBE3EE00443AC9 /* Frameworks */ = {
			isa = PBXFrameworksBuildPhase;
			buildActionMask = 2147483647;
			files = (
			);
			runOnlyForDeploymentPostprocessing = 0;
		};
/* End PBXFrameworksBuildPhase section */

/* Begin PBXGroup section */
		AE256CAE25CBE3EE00443AC9 = {
			isa = PBXGroup;
			children = (
				AE256CB925CBE3EE00443AC9 /* singleAnimationTask */,
				AE256CB825CBE3EE00443AC9 /* Products */,
			);
			sourceTree = "<group>";
		};
		AE256CB825CBE3EE00443AC9 /* Products */ = {
			isa = PBXGroup;
			children = (
				AE256CB725CBE3EE00443AC9 /* singleAnimationTask.app */,
			);
			name = Products;
			sourceTree = "<group>";
		};
		AE256CB925CBE3EE00443AC9 /* singleAnimationTask */ = {
			isa = PBXGroup;
			children = (
				AE256CBA25CBE3EE00443AC9 /* AppDelegate.swift */,
				AE256CBC25CBE3EE00443AC9 /* SceneDelegate.swift */,
				AE256CBE25CBE3EE00443AC9 /* ViewController.swift */,
				AE256CC025CBE3EF00443AC9 /* Main.storyboard */,
				AE256CC325CBE3F200443AC9 /* Assets.xcassets */,
				AE256CC525CBE3F200443AC9 /* LaunchScreen.storyboard */,
				AE256CC825CBE3F200443AC9 /* Info.plist */,
				AE256CE625CC546F00443AC9 /* CircleAnimationView.swift */,
			);
			path = singleAnimationTask;
			sourceTree = "<group>";
		};
/* End PBXGroup section */

/* Begin PBXNativeTarget section */
		AE256CB625CBE3EE00443AC9 /* singleAnimationTask */ = {
			isa = PBXNativeTarget;
			buildConfigurationList = AE256CCB25CBE3F200443AC9 /* Build configuration list for PBXNativeTarget "singleAnimationTask" */;
			buildPhases = (
				AE256CB325CBE3EE00443AC9 /* Sources */,
				AE256CB425CBE3EE00443AC9 /* Frameworks */,
				AE256CB525CBE3EE00443AC9 /* Resources */,
			);
			buildRules = (
			);
			dependencies = (
			);
			name = singleAnimationTask;
			productName = singleAnimationTask;
			productReference = AE256CB725CBE3EE00443AC9 /* singleAnimationTask.app */;
			productType = "com.apple.product-type.application";
		};
/* End PBXNativeTarget section */

/* Begin PBXProject section */
		AE256CAF25CBE3EE00443AC9 /* Project object */ = {
			isa = PBXProject;
			attributes = {
				LastSwiftUpdateCheck = 1230;
				LastUpgradeCheck = 1230;
				TargetAttributes = {
					AE256CB625CBE3EE00443AC9 = {
						CreatedOnToolsVersion = 12.3;
					};
				};
			};
			buildConfigurationList = AE256CB225CBE3EE00443AC9 /* Build configuration list for PBXProject "singleAnimationTask" */;
			compatibilityVersion = "Xcode 9.3";
			developmentRegion = en;
			hasScannedForEncodings = 0;
			knownRegions = (
				en,
				Base,
			);
			mainGroup = AE256CAE25CBE3EE00443AC9;
			productRefGroup = AE256CB825CBE3EE00443AC9 /* Products */;
			projectDirPath = "";
			projectRoot = "";
			targets = (
				AE256CB625CBE3EE00443AC9 /* singleAnimationTask */,
			);
		};
/* End PBXProject section */

/* Begin PBXResourcesBuildPhase section */
		AE256CB525CBE3EE00443AC9 /* Resources */ = {
			isa = PBXResourcesBuildPhase;
			buildActionMask = 2147483647;
			files = (
				AE256CC725CBE3F200443AC9 /* LaunchScreen.storyboard in Resources */,
				AE256CC425CBE3F200443AC9 /* Assets.xcassets in Resources */,
				AE256CC225CBE3EF00443AC9 /* Main.storyboard in Resources */,
			);
			runOnlyForDeploymentPostprocessing = 0;
		};
/* End PBXResourcesBuildPhase section */

/* Begin PBXSourcesBuildPhase section */
		AE256CB325CBE3EE00443AC9 /* Sources */ = {
			isa = PBXSourcesBuildPhase;
			buildActionMask = 2147483647;
			files = (
				AE256CE725CC547000443AC9 /* CircleAnimationView.swift in Sources */,
				AE256CBF25CBE3EE00443AC9 /* ViewController.swift in Sources */,
				AE256CBB25CBE3EE00443AC9 /* AppDelegate.swift in Sources */,
				AE256CBD25CBE3EE00443AC9 /* SceneDelegate.swift in Sources */,
			);
			runOnlyForDeploymentPostprocessing = 0;
		};
/* End PBXSourcesBuildPhase section */

/* Begin PBXVariantGroup section */
		AE256CC025CBE3EF00443AC9 /* Main.storyboard */ = {
			isa = PBXVariantGroup;
			children = (
				AE256CC125CBE3EF00443AC9 /* Base */,
			);
			name = Main.storyboard;
			sourceTree = "<group>";
		};
		AE256CC525CBE3F200443AC9 /* LaunchScreen.storyboard */ = {
			isa = PBXVariantGroup;
			children = (
				AE256CC625CBE3F200443AC9 /* Base */,
			);
			name = LaunchScreen.storyboard;
			sourceTree = "<group>";
		};
/* End PBXVariantGroup section */

/* Begin XCBuildConfiguration section */
		AE256CC925CBE3F200443AC9 /* Debug */ = {
			isa = XCBuildConfiguration;
			buildSettings = {
				ALWAYS_SEARCH_USER_PATHS = NO;
				CLANG_ANALYZER_NONNULL = YES;
				CLANG_ANALYZER_NUMBER_OBJECT_CONVERSION = YES_AGGRESSIVE;
				CLANG_CXX_LANGUAGE_STANDARD = "gnu++14";
				CLANG_CXX_LIBRARY = "libc++";
				CLANG_ENABLE_MODULES = YES;
				CLANG_ENABLE_OBJC_ARC = YES;
				CLANG_ENABLE_OBJC_WEAK = YES;
				CLANG_WARN_BLOCK_CAPTURE_AUTORELEASING = YES;
				CLANG_WARN_BOOL_CONVERSION = YES;
				CLANG_WARN_COMMA = YES;
				CLANG_WARN_CONSTANT_CONVERSION = YES;
				CLANG_WARN_DEPRECATED_OBJC_IMPLEMENTATIONS = YES;
				CLANG_WARN_DIRECT_OBJC_ISA_USAGE = YES_ERROR;
				CLANG_WARN_DOCUMENTATION_COMMENTS = YES;
				CLANG_WARN_EMPTY_BODY = YES;
				CLANG_WARN_ENUM_CONVERSION = YES;
				CLANG_WARN_INFINITE_RECURSION = YES;
				CLANG_WARN_INT_CONVERSION = YES;
				CLANG_WARN_NON_LITERAL_NULL_CONVERSION = YES;
				CLANG_WARN_OBJC_IMPLICIT_RETAIN_SELF = YES;
				CLANG_WARN_OBJC_LITERAL_CONVERSION = YES;
				CLANG_WARN_OBJC_ROOT_CLASS = YES_ERROR;
				CLANG_WARN_QUOTED_INCLUDE_IN_FRAMEWORK_HEADER = YES;
				CLANG_WARN_RANGE_LOOP_ANALYSIS = YES;
				CLANG_WARN_STRICT_PROTOTYPES = YES;
				CLANG_WARN_SUSPICIOUS_MOVE = YES;
				CLANG_WARN_UNGUARDED_AVAILABILITY = YES_AGGRESSIVE;
				CLANG_WARN_UNREACHABLE_CODE = YES;
				CLANG_WARN__DUPLICATE_METHOD_MATCH = YES;
				COPY_PHASE_STRIP = NO;
				DEBUG_INFORMATION_FORMAT = dwarf;
				ENABLE_STRICT_OBJC_MSGSEND = YES;
				ENABLE_TESTABILITY = YES;
				GCC_C_LANGUAGE_STANDARD = gnu11;
				GCC_DYNAMIC_NO_PIC = NO;
				GCC_NO_COMMON_BLOCKS = YES;
				GCC_OPTIMIZATION_LEVEL = 0;
				GCC_PREPROCESSOR_DEFINITIONS = (
					"DEBUG=1",
					"$(inherited)",
				);
				GCC_WARN_64_TO_32_BIT_CONVERSION = YES;
				GCC_WARN_ABOUT_RETURN_TYPE = YES_ERROR;
				GCC_WARN_UNDECLARED_SELECTOR = YES;
				GCC_WARN_UNINITIALIZED_AUTOS = YES_AGGRESSIVE;
				GCC_WARN_UNUSED_FUNCTION = YES;
				GCC_WARN_UNUSED_VARIABLE = YES;
				IPHONEOS_DEPLOYMENT_TARGET = 14.3;
				MTL_ENABLE_DEBUG_INFO = INCLUDE_SOURCE;
				MTL_FAST_MATH = YES;
				ONLY_ACTIVE_ARCH = YES;
				SDKROOT = iphoneos;
				SWIFT_ACTIVE_COMPILATION_CONDITIONS = DEBUG;
				SWIFT_OPTIMIZATION_LEVEL = "-Onone";
			};
			name = Debug;
		};
		AE256CCA25CBE3F200443AC9 /* Release */ = {
			isa = XCBuildConfiguration;
			buildSettings = {
				ALWAYS_SEARCH_USER_PATHS = NO;
				CLANG_ANALYZER_NONNULL = YES;
				CLANG_ANALYZER_NUMBER_OBJECT_CONVERSION = YES_AGGRESSIVE;
				CLANG_CXX_LANGUAGE_STANDARD = "gnu++14";
				CLANG_CXX_LIBRARY = "libc++";
				CLANG_ENABLE_MODULES = YES;
				CLANG_ENABLE_OBJC_ARC = YES;
				CLANG_ENABLE_OBJC_WEAK = YES;
				CLANG_WARN_BLOCK_CAPTURE_AUTORELEASING = YES;
				CLANG_WARN_BOOL_CONVERSION = YES;
				CLANG_WARN_COMMA = YES;
				CLANG_WARN_CONSTANT_CONVERSION = YES;
				CLANG_WARN_DEPRECATED_OBJC_IMPLEMENTATIONS = YES;
				CLANG_WARN_DIRECT_OBJC_ISA_USAGE = YES_ERROR;
				CLANG_WARN_DOCUMENTATION_COMMENTS = YES;
				CLANG_WARN_EMPTY_BODY = YES;
				CLANG_WARN_ENUM_CONVERSION = YES;
				CLANG_WARN_INFINITE_RECURSION = YES;
				CLANG_WARN_INT_CONVERSION = YES;
				CLANG_WARN_NON_LITERAL_NULL_CONVERSION = YES;
				CLANG_WARN_OBJC_IMPLICIT_RETAIN_SELF = YES;
				CLANG_WARN_OBJC_LITERAL_CONVERSION = YES;
				CLANG_WARN_OBJC_ROOT_CLASS = YES_ERROR;
				CLANG_WARN_QUOTED_INCLUDE_IN_FRAMEWORK_HEADER = YES;
				CLANG_WARN_RANGE_LOOP_ANALYSIS = YES;
				CLANG_WARN_STRICT_PROTOTYPES = YES;
				CLANG_WARN_SUSPICIOUS_MOVE = YES;
				CLANG_WARN_UNGUARDED_AVAILABILITY = YES_AGGRESSIVE;
				CLANG_WARN_UNREACHABLE_CODE = YES;
				CLANG_WARN__DUPLICATE_METHOD_MATCH = YES;
				COPY_PHASE_STRIP = NO;
				DEBUG_INFORMATION_FORMAT = "dwarf-with-dsym";
				ENABLE_NS_ASSERTIONS = NO;
				ENABLE_STRICT_OBJC_MSGSEND = YES;
				GCC_C_LANGUAGE_STANDARD = gnu11;
				GCC_NO_COMMON_BLOCKS = YES;
				GCC_WARN_64_TO_32_BIT_CONVERSION = YES;
				GCC_WARN_ABOUT_RETURN_TYPE = YES_ERROR;
				GCC_WARN_UNDECLARED_SELECTOR = YES;
				GCC_WARN_UNINITIALIZED_AUTOS = YES_AGGRESSIVE;
				GCC_WARN_UNUSED_FUNCTION = YES;
				GCC_WARN_UNUSED_VARIABLE = YES;
				IPHONEOS_DEPLOYMENT_TARGET = 14.3;
				MTL_ENABLE_DEBUG_INFO = NO;
				MTL_FAST_MATH = YES;
				SDKROOT = iphoneos;
				SWIFT_COMPILATION_MODE = wholemodule;
				SWIFT_OPTIMIZATION_LEVEL = "-O";
				VALIDATE_PRODUCT = YES;
			};
			name = Release;
		};
		AE256CCC25CBE3F200443AC9 /* Debug */ = {
			isa = XCBuildConfiguration;
			buildSettings = {
				ASSETCATALOG_COMPILER_APPICON_NAME = AppIcon;
				ASSETCATALOG_COMPILER_GLOBAL_ACCENT_COLOR_NAME = AccentColor;
				CODE_SIGN_STYLE = Automatic;
				DEVELOPMENT_TEAM = UPWXFVVHLN;
				INFOPLIST_FILE = singleAnimationTask/Info.plist;
				LD_RUNPATH_SEARCH_PATHS = (
					"$(inherited)",
					"@executable_path/Frameworks",
				);
				PRODUCT_BUNDLE_IDENTIFIER = myApp.singleAnimationTask;
				PRODUCT_NAME = "$(TARGET_NAME)";
				SWIFT_VERSION = 5.0;
				TARGETED_DEVICE_FAMILY = "1,2";
			};
			name = Debug;
		};
		AE256CCD25CBE3F200443AC9 /* Release */ = {
			isa = XCBuildConfiguration;
			buildSettings = {
				ASSETCATALOG_COMPILER_APPICON_NAME = AppIcon;
				ASSETCATALOG_COMPILER_GLOBAL_ACCENT_COLOR_NAME = AccentColor;
				CODE_SIGN_STYLE = Automatic;
				DEVELOPMENT_TEAM = UPWXFVVHLN;
				INFOPLIST_FILE = singleAnimationTask/Info.plist;
				LD_RUNPATH_SEARCH_PATHS = (
					"$(inherited)",
					"@executable_path/Frameworks",
				);
				PRODUCT_BUNDLE_IDENTIFIER = myApp.singleAnimationTask;
				PRODUCT_NAME = "$(TARGET_NAME)";
				SWIFT_VERSION = 5.0;
				TARGETED_DEVICE_FAMILY = "1,2";
			};
			name = Release;
		};
/* End XCBuildConfiguration section */

/* Begin XCConfigurationList section */
		AE256CB225CBE3EE00443AC9 /* Build configuration list for PBXProject "singleAnimationTask" */ = {
			isa = XCConfigurationList;
			buildConfigurations = (
				AE256CC925CBE3F200443AC9 /* Debug */,
				AE256CCA25CBE3F200443AC9 /* Release */,
			);
			defaultConfigurationIsVisible = 0;
			defaultConfigurationName = Release;
		};
		AE256CCB25CBE3F200443AC9 /* Build configuration list for PBXNativeTarget "singleAnimationTask" */ = {
			isa = XCConfigurationList;
			buildConfigurations = (
				AE256CCC25CBE3F200443AC9 /* Debug */,
				AE256CCD25CBE3F200443AC9 /* Release */,
			);
			defaultConfigurationIsVisible = 0;
			defaultConfigurationName = Release;
		};
/* End XCConfigurationList section */
	};
	rootObject = AE256CAF25CBE3EE00443AC9 /* Project object */;
}
